// !$*UTF8*$!
{
	archiveVersion = 1;
	classes = {
	};
	objectVersion = 46;
	objects = {

/* Begin PBXBuildFile section */
		1D5722761E51ADBA006904D1 /* do.mp3 in Resources */ = {isa = PBXBuildFile; fileRef = 1D57226F1E51ADBA006904D1 /* do.mp3 */; };
		1D5722771E51ADBA006904D1 /* fa.mp3 in Resources */ = {isa = PBXBuildFile; fileRef = 1D5722701E51ADBA006904D1 /* fa.mp3 */; };
		1D5722781E51ADBA006904D1 /* la.mp3 in Resources */ = {isa = PBXBuildFile; fileRef = 1D5722711E51ADBA006904D1 /* la.mp3 */; };
		1D5722791E51ADBA006904D1 /* mi.mp3 in Resources */ = {isa = PBXBuildFile; fileRef = 1D5722721E51ADBA006904D1 /* mi.mp3 */; };
		1D57227A1E51ADBA006904D1 /* re.mp3 in Resources */ = {isa = PBXBuildFile; fileRef = 1D5722731E51ADBA006904D1 /* re.mp3 */; };
		1D57227B1E51ADBA006904D1 /* si.mp3 in Resources */ = {isa = PBXBuildFile; fileRef = 1D5722741E51ADBA006904D1 /* si.mp3 */; };
		1D57227C1E51ADBA006904D1 /* sol.mp3 in Resources */ = {isa = PBXBuildFile; fileRef = 1D5722751E51ADBA006904D1 /* sol.mp3 */; };
		1D5722851E51B300006904D1 /* narracion1.wav in Resources */ = {isa = PBXBuildFile; fileRef = 1D57227D1E51B300006904D1 /* narracion1.wav */; };
		1D5722861E51B300006904D1 /* narracion3.wav in Resources */ = {isa = PBXBuildFile; fileRef = 1D57227E1E51B300006904D1 /* narracion3.wav */; };
		1D5722871E51B300006904D1 /* narracion4.wav in Resources */ = {isa = PBXBuildFile; fileRef = 1D57227F1E51B300006904D1 /* narracion4.wav */; };
		1D5722881E51B300006904D1 /* narracion6.wav in Resources */ = {isa = PBXBuildFile; fileRef = 1D5722801E51B300006904D1 /* narracion6.wav */; };
		1D5722891E51B300006904D1 /* narracion7.wav in Resources */ = {isa = PBXBuildFile; fileRef = 1D5722811E51B300006904D1 /* narracion7.wav */; };
		1D57228A1E51B300006904D1 /* narracion8.wav in Resources */ = {isa = PBXBuildFile; fileRef = 1D5722821E51B300006904D1 /* narracion8.wav */; };
		1D57228B1E51B300006904D1 /* narracion9.wav in Resources */ = {isa = PBXBuildFile; fileRef = 1D5722831E51B300006904D1 /* narracion9.wav */; };
		1D57228C1E51B300006904D1 /* narracion10.wav in Resources */ = {isa = PBXBuildFile; fileRef = 1D5722841E51B300006904D1 /* narracion10.wav */; };
		1D5722911E51B312006904D1 /* cancionMama1.wav in Resources */ = {isa = PBXBuildFile; fileRef = 1D57228D1E51B312006904D1 /* cancionMama1.wav */; };
		1D5722921E51B312006904D1 /* cancionMama2.wav in Resources */ = {isa = PBXBuildFile; fileRef = 1D57228E1E51B312006904D1 /* cancionMama2.wav */; };
		1D5722931E51B312006904D1 /* cancionMama3.wav in Resources */ = {isa = PBXBuildFile; fileRef = 1D57228F1E51B312006904D1 /* cancionMama3.wav */; };
		1D5722941E51B312006904D1 /* cancionMama4.wav in Resources */ = {isa = PBXBuildFile; fileRef = 1D5722901E51B312006904D1 /* cancionMama4.wav */; };
		1D5722961E51B322006904D1 /* narracion2.wav in Resources */ = {isa = PBXBuildFile; fileRef = 1D5722951E51B322006904D1 /* narracion2.wav */; };
		1D5722981E51B32E006904D1 /* fondo.mp3 in Resources */ = {isa = PBXBuildFile; fileRef = 1D5722971E51B32E006904D1 /* fondo.mp3 */; };
		1D57229D1E51B370006904D1 /* cancionPapa1.mp3 in Resources */ = {isa = PBXBuildFile; fileRef = 1D5722991E51B370006904D1 /* cancionPapa1.mp3 */; };
		1D57229E1E51B370006904D1 /* cancionPapa2.mp3 in Resources */ = {isa = PBXBuildFile; fileRef = 1D57229A1E51B370006904D1 /* cancionPapa2.mp3 */; };
		1D57229F1E51B370006904D1 /* cancionPapa3.mp3 in Resources */ = {isa = PBXBuildFile; fileRef = 1D57229B1E51B370006904D1 /* cancionPapa3.mp3 */; };
		1D5722A01E51B370006904D1 /* cancionPapa4.mp3 in Resources */ = {isa = PBXBuildFile; fileRef = 1D57229C1E51B370006904D1 /* cancionPapa4.mp3 */; };
		1D5722A71E51BC8F006904D1 /* pag1.wav in Resources */ = {isa = PBXBuildFile; fileRef = 1D5722A11E51BC8F006904D1 /* pag1.wav */; };
		1D5722A81E51BC8F006904D1 /* pag2.wav in Resources */ = {isa = PBXBuildFile; fileRef = 1D5722A21E51BC8F006904D1 /* pag2.wav */; };
		1D5722A91E51BC8F006904D1 /* pag4.mp3 in Resources */ = {isa = PBXBuildFile; fileRef = 1D5722A31E51BC8F006904D1 /* pag4.mp3 */; };
		1D5722AA1E51BC8F006904D1 /* pag5.mp3 in Resources */ = {isa = PBXBuildFile; fileRef = 1D5722A41E51BC8F006904D1 /* pag5.mp3 */; };
		1D5722AB1E51BC8F006904D1 /* pag8.wav in Resources */ = {isa = PBXBuildFile; fileRef = 1D5722A51E51BC8F006904D1 /* pag8.wav */; };
		1D5722AC1E51BC8F006904D1 /* pag9.wav in Resources */ = {isa = PBXBuildFile; fileRef = 1D5722A61E51BC8F006904D1 /* pag9.wav */; };
		1D5722AE1E51BE66006904D1 /* fondo2.mp3 in Resources */ = {isa = PBXBuildFile; fileRef = 1D5722AD1E51BE65006904D1 /* fondo2.mp3 */; };
		1D8AD3971E4EA044009C152D /* AppDelegate.swift in Sources */ = {isa = PBXBuildFile; fileRef = 1D8AD3961E4EA044009C152D /* AppDelegate.swift */; };
		1D8AD3991E4EA044009C152D /* ViewControllerChicos.swift in Sources */ = {isa = PBXBuildFile; fileRef = 1D8AD3981E4EA044009C152D /* ViewControllerChicos.swift */; };
		1D8AD39C1E4EA044009C152D /* Main.storyboard in Resources */ = {isa = PBXBuildFile; fileRef = 1D8AD39A1E4EA044009C152D /* Main.storyboard */; };
		1D8AD39E1E4EA044009C152D /* Assets.xcassets in Resources */ = {isa = PBXBuildFile; fileRef = 1D8AD39D1E4EA044009C152D /* Assets.xcassets */; };
		1D8AD3A11E4EA044009C152D /* LaunchScreen.storyboard in Resources */ = {isa = PBXBuildFile; fileRef = 1D8AD39F1E4EA044009C152D /* LaunchScreen.storyboard */; };
		1D8AD3AC1E4EA044009C152D /* HistoryTellerTests.swift in Sources */ = {isa = PBXBuildFile; fileRef = 1D8AD3AB1E4EA044009C152D /* HistoryTellerTests.swift */; };
		1D8AD3B71E4EA044009C152D /* HistoryTellerUITests.swift in Sources */ = {isa = PBXBuildFile; fileRef = 1D8AD3B61E4EA044009C152D /* HistoryTellerUITests.swift */; };
		1D9EB9231E4FD49800BF9B63 /* ka1.ttf in Resources */ = {isa = PBXBuildFile; fileRef = 1D9EB9221E4FD49700BF9B63 /* ka1.ttf */; };
		1D9EB9251E4FD7BE00BF9B63 /* PixelOperatorMono-Bold.ttf in Resources */ = {isa = PBXBuildFile; fileRef = 1D9EB9241E4FD7BE00BF9B63 /* PixelOperatorMono-Bold.ttf */; };
/* End PBXBuildFile section */

/* Begin PBXContainerItemProxy section */
		1D8AD3A81E4EA044009C152D /* PBXContainerItemProxy */ = {
			isa = PBXContainerItemProxy;
			containerPortal = 1D8AD38B1E4EA044009C152D /* Project object */;
			proxyType = 1;
			remoteGlobalIDString = 1D8AD3921E4EA044009C152D;
			remoteInfo = HistoryTeller;
		};
		1D8AD3B31E4EA044009C152D /* PBXContainerItemProxy */ = {
			isa = PBXContainerItemProxy;
			containerPortal = 1D8AD38B1E4EA044009C152D /* Project object */;
			proxyType = 1;
			remoteGlobalIDString = 1D8AD3921E4EA044009C152D;
			remoteInfo = HistoryTeller;
		};
/* End PBXContainerItemProxy section */

/* Begin PBXFileReference section */
		1D57226F1E51ADBA006904D1 /* do.mp3 */ = {isa = PBXFileReference; lastKnownFileType = audio.mp3; path = do.mp3; sourceTree = "<group>"; };
		1D5722701E51ADBA006904D1 /* fa.mp3 */ = {isa = PBXFileReference; lastKnownFileType = audio.mp3; path = fa.mp3; sourceTree = "<group>"; };
		1D5722711E51ADBA006904D1 /* la.mp3 */ = {isa = PBXFileReference; lastKnownFileType = audio.mp3; path = la.mp3; sourceTree = "<group>"; };
		1D5722721E51ADBA006904D1 /* mi.mp3 */ = {isa = PBXFileReference; lastKnownFileType = audio.mp3; path = mi.mp3; sourceTree = "<group>"; };
		1D5722731E51ADBA006904D1 /* re.mp3 */ = {isa = PBXFileReference; lastKnownFileType = audio.mp3; path = re.mp3; sourceTree = "<group>"; };
		1D5722741E51ADBA006904D1 /* si.mp3 */ = {isa = PBXFileReference; lastKnownFileType = audio.mp3; path = si.mp3; sourceTree = "<group>"; };
		1D5722751E51ADBA006904D1 /* sol.mp3 */ = {isa = PBXFileReference; lastKnownFileType = audio.mp3; path = sol.mp3; sourceTree = "<group>"; };
		1D57227D1E51B300006904D1 /* narracion1.wav */ = {isa = PBXFileReference; lastKnownFileType = audio.wav; path = narracion1.wav; sourceTree = "<group>"; };
		1D57227E1E51B300006904D1 /* narracion3.wav */ = {isa = PBXFileReference; lastKnownFileType = audio.wav; path = narracion3.wav; sourceTree = "<group>"; };
		1D57227F1E51B300006904D1 /* narracion4.wav */ = {isa = PBXFileReference; lastKnownFileType = audio.wav; path = narracion4.wav; sourceTree = "<group>"; };
		1D5722801E51B300006904D1 /* narracion6.wav */ = {isa = PBXFileReference; lastKnownFileType = audio.wav; path = narracion6.wav; sourceTree = "<group>"; };
		1D5722811E51B300006904D1 /* narracion7.wav */ = {isa = PBXFileReference; lastKnownFileType = audio.wav; path = narracion7.wav; sourceTree = "<group>"; };
		1D5722821E51B300006904D1 /* narracion8.wav */ = {isa = PBXFileReference; lastKnownFileType = audio.wav; path = narracion8.wav; sourceTree = "<group>"; };
		1D5722831E51B300006904D1 /* narracion9.wav */ = {isa = PBXFileReference; lastKnownFileType = audio.wav; path = narracion9.wav; sourceTree = "<group>"; };
		1D5722841E51B300006904D1 /* narracion10.wav */ = {isa = PBXFileReference; lastKnownFileType = audio.wav; path = narracion10.wav; sourceTree = "<group>"; };
		1D57228D1E51B312006904D1 /* cancionMama1.wav */ = {isa = PBXFileReference; lastKnownFileType = audio.wav; path = cancionMama1.wav; sourceTree = "<group>"; };
		1D57228E1E51B312006904D1 /* cancionMama2.wav */ = {isa = PBXFileReference; lastKnownFileType = audio.wav; path = cancionMama2.wav; sourceTree = "<group>"; };
		1D57228F1E51B312006904D1 /* cancionMama3.wav */ = {isa = PBXFileReference; lastKnownFileType = audio.wav; path = cancionMama3.wav; sourceTree = "<group>"; };
		1D5722901E51B312006904D1 /* cancionMama4.wav */ = {isa = PBXFileReference; lastKnownFileType = audio.wav; path = cancionMama4.wav; sourceTree = "<group>"; };
		1D5722951E51B322006904D1 /* narracion2.wav */ = {isa = PBXFileReference; lastKnownFileType = audio.wav; path = narracion2.wav; sourceTree = "<group>"; };
		1D5722971E51B32E006904D1 /* fondo.mp3 */ = {isa = PBXFileReference; lastKnownFileType = audio.mp3; path = fondo.mp3; sourceTree = "<group>"; };
		1D5722991E51B370006904D1 /* cancionPapa1.mp3 */ = {isa = PBXFileReference; lastKnownFileType = audio.mp3; path = cancionPapa1.mp3; sourceTree = "<group>"; };
		1D57229A1E51B370006904D1 /* cancionPapa2.mp3 */ = {isa = PBXFileReference; lastKnownFileType = audio.mp3; path = cancionPapa2.mp3; sourceTree = "<group>"; };
		1D57229B1E51B370006904D1 /* cancionPapa3.mp3 */ = {isa = PBXFileReference; lastKnownFileType = audio.mp3; path = cancionPapa3.mp3; sourceTree = "<group>"; };
		1D57229C1E51B370006904D1 /* cancionPapa4.mp3 */ = {isa = PBXFileReference; lastKnownFileType = audio.mp3; path = cancionPapa4.mp3; sourceTree = "<group>"; };
		1D5722A11E51BC8F006904D1 /* pag1.wav */ = {isa = PBXFileReference; lastKnownFileType = audio.wav; path = pag1.wav; sourceTree = "<group>"; };
		1D5722A21E51BC8F006904D1 /* pag2.wav */ = {isa = PBXFileReference; lastKnownFileType = audio.wav; path = pag2.wav; sourceTree = "<group>"; };
		1D5722A31E51BC8F006904D1 /* pag4.mp3 */ = {isa = PBXFileReference; lastKnownFileType = audio.mp3; path = pag4.mp3; sourceTree = "<group>"; };
		1D5722A41E51BC8F006904D1 /* pag5.mp3 */ = {isa = PBXFileReference; lastKnownFileType = audio.mp3; path = pag5.mp3; sourceTree = "<group>"; };
		1D5722A51E51BC8F006904D1 /* pag8.wav */ = {isa = PBXFileReference; lastKnownFileType = audio.wav; path = pag8.wav; sourceTree = "<group>"; };
		1D5722A61E51BC8F006904D1 /* pag9.wav */ = {isa = PBXFileReference; lastKnownFileType = audio.wav; path = pag9.wav; sourceTree = "<group>"; };
		1D5722AD1E51BE65006904D1 /* fondo2.mp3 */ = {isa = PBXFileReference; lastKnownFileType = audio.mp3; path = fondo2.mp3; sourceTree = "<group>"; };
		1D8AD3931E4EA044009C152D /* HistoryTeller.app */ = {isa = PBXFileReference; explicitFileType = wrapper.application; includeInIndex = 0; path = HistoryTeller.app; sourceTree = BUILT_PRODUCTS_DIR; };
		1D8AD3961E4EA044009C152D /* AppDelegate.swift */ = {isa = PBXFileReference; lastKnownFileType = sourcecode.swift; path = AppDelegate.swift; sourceTree = "<group>"; };
		1D8AD3981E4EA044009C152D /* ViewControllerChicos.swift */ = {isa = PBXFileReference; lastKnownFileType = sourcecode.swift; path = ViewControllerChicos.swift; sourceTree = "<group>"; };
		1D8AD39B1E4EA044009C152D /* Base */ = {isa = PBXFileReference; lastKnownFileType = file.storyboard; name = Base; path = Base.lproj/Main.storyboard; sourceTree = "<group>"; };
		1D8AD39D1E4EA044009C152D /* Assets.xcassets */ = {isa = PBXFileReference; lastKnownFileType = folder.assetcatalog; path = Assets.xcassets; sourceTree = "<group>"; };
		1D8AD3A01E4EA044009C152D /* Base */ = {isa = PBXFileReference; lastKnownFileType = file.storyboard; name = Base; path = Base.lproj/LaunchScreen.storyboard; sourceTree = "<group>"; };
		1D8AD3A21E4EA044009C152D /* Info.plist */ = {isa = PBXFileReference; lastKnownFileType = text.plist.xml; path = Info.plist; sourceTree = "<group>"; };
		1D8AD3A71E4EA044009C152D /* HistoryTellerTests.xctest */ = {isa = PBXFileReference; explicitFileType = wrapper.cfbundle; includeInIndex = 0; path = HistoryTellerTests.xctest; sourceTree = BUILT_PRODUCTS_DIR; };
		1D8AD3AB1E4EA044009C152D /* HistoryTellerTests.swift */ = {isa = PBXFileReference; lastKnownFileType = sourcecode.swift; path = HistoryTellerTests.swift; sourceTree = "<group>"; };
		1D8AD3AD1E4EA044009C152D /* Info.plist */ = {isa = PBXFileReference; lastKnownFileType = text.plist.xml; path = Info.plist; sourceTree = "<group>"; };
		1D8AD3B21E4EA044009C152D /* HistoryTellerUITests.xctest */ = {isa = PBXFileReference; explicitFileType = wrapper.cfbundle; includeInIndex = 0; path = HistoryTellerUITests.xctest; sourceTree = BUILT_PRODUCTS_DIR; };
		1D8AD3B61E4EA044009C152D /* HistoryTellerUITests.swift */ = {isa = PBXFileReference; lastKnownFileType = sourcecode.swift; path = HistoryTellerUITests.swift; sourceTree = "<group>"; };
		1D8AD3B81E4EA044009C152D /* Info.plist */ = {isa = PBXFileReference; lastKnownFileType = text.plist.xml; path = Info.plist; sourceTree = "<group>"; };
		1D9EB9221E4FD49700BF9B63 /* ka1.ttf */ = {isa = PBXFileReference; lastKnownFileType = file; path = ka1.ttf; sourceTree = "<group>"; };
		1D9EB9241E4FD7BE00BF9B63 /* PixelOperatorMono-Bold.ttf */ = {isa = PBXFileReference; lastKnownFileType = file; path = "PixelOperatorMono-Bold.ttf"; sourceTree = "<group>"; };
/* End PBXFileReference section */

/* Begin PBXFrameworksBuildPhase section */
		1D8AD3901E4EA044009C152D /* Frameworks */ = {
			isa = PBXFrameworksBuildPhase;
			buildActionMask = 2147483647;
			files = (
			);
			runOnlyForDeploymentPostprocessing = 0;
		};
		1D8AD3A41E4EA044009C152D /* Frameworks */ = {
			isa = PBXFrameworksBuildPhase;
			buildActionMask = 2147483647;
			files = (
			);
			runOnlyForDeploymentPostprocessing = 0;
		};
		1D8AD3AF1E4EA044009C152D /* Frameworks */ = {
			isa = PBXFrameworksBuildPhase;
			buildActionMask = 2147483647;
			files = (
			);
			runOnlyForDeploymentPostprocessing = 0;
		};
/* End PBXFrameworksBuildPhase section */

/* Begin PBXGroup section */
		1D8AD38A1E4EA044009C152D = {
			isa = PBXGroup;
			children = (
				1D8AD3951E4EA044009C152D /* HistoryTeller */,
				1D8AD3AA1E4EA044009C152D /* HistoryTellerTests */,
				1D8AD3B51E4EA044009C152D /* HistoryTellerUITests */,
				1D8AD3941E4EA044009C152D /* Products */,
				1D9EB9221E4FD49700BF9B63 /* ka1.ttf */,
				1D9EB9241E4FD7BE00BF9B63 /* PixelOperatorMono-Bold.ttf */,
				1D5722A11E51BC8F006904D1 /* pag1.wav */,
				1D5722A21E51BC8F006904D1 /* pag2.wav */,
				1D5722A31E51BC8F006904D1 /* pag4.mp3 */,
				1D5722A41E51BC8F006904D1 /* pag5.mp3 */,
				1D5722A51E51BC8F006904D1 /* pag8.wav */,
				1D5722A61E51BC8F006904D1 /* pag9.wav */,
				1D57226F1E51ADBA006904D1 /* do.mp3 */,
				1D5722701E51ADBA006904D1 /* fa.mp3 */,
				1D5722711E51ADBA006904D1 /* la.mp3 */,
				1D5722721E51ADBA006904D1 /* mi.mp3 */,
				1D5722731E51ADBA006904D1 /* re.mp3 */,
				1D5722741E51ADBA006904D1 /* si.mp3 */,
				1D5722751E51ADBA006904D1 /* sol.mp3 */,
				1D5722971E51B32E006904D1 /* fondo.mp3 */,
				1D5722AD1E51BE65006904D1 /* fondo2.mp3 */,
				1D57227D1E51B300006904D1 /* narracion1.wav */,
				1D5722951E51B322006904D1 /* narracion2.wav */,
				1D57227E1E51B300006904D1 /* narracion3.wav */,
				1D57227F1E51B300006904D1 /* narracion4.wav */,
				1D5722801E51B300006904D1 /* narracion6.wav */,
				1D5722811E51B300006904D1 /* narracion7.wav */,
				1D5722821E51B300006904D1 /* narracion8.wav */,
				1D5722831E51B300006904D1 /* narracion9.wav */,
				1D5722841E51B300006904D1 /* narracion10.wav */,
				1D5722991E51B370006904D1 /* cancionPapa1.mp3 */,
				1D57229A1E51B370006904D1 /* cancionPapa2.mp3 */,
				1D57229B1E51B370006904D1 /* cancionPapa3.mp3 */,
				1D57229C1E51B370006904D1 /* cancionPapa4.mp3 */,
				1D57228D1E51B312006904D1 /* cancionMama1.wav */,
				1D57228E1E51B312006904D1 /* cancionMama2.wav */,
				1D57228F1E51B312006904D1 /* cancionMama3.wav */,
				1D5722901E51B312006904D1 /* cancionMama4.wav */,
			);
			sourceTree = "<group>";
		};
		1D8AD3941E4EA044009C152D /* Products */ = {
			isa = PBXGroup;
			children = (
				1D8AD3931E4EA044009C152D /* HistoryTeller.app */,
				1D8AD3A71E4EA044009C152D /* HistoryTellerTests.xctest */,
				1D8AD3B21E4EA044009C152D /* HistoryTellerUITests.xctest */,
			);
			name = Products;
			sourceTree = "<group>";
		};
		1D8AD3951E4EA044009C152D /* HistoryTeller */ = {
			isa = PBXGroup;
			children = (
				1D8AD3961E4EA044009C152D /* AppDelegate.swift */,
				1D8AD3981E4EA044009C152D /* ViewControllerChicos.swift */,
				1D8AD39A1E4EA044009C152D /* Main.storyboard */,
				1D8AD39D1E4EA044009C152D /* Assets.xcassets */,
				1D8AD39F1E4EA044009C152D /* LaunchScreen.storyboard */,
				1D8AD3A21E4EA044009C152D /* Info.plist */,
			);
			path = HistoryTeller;
			sourceTree = "<group>";
		};
		1D8AD3AA1E4EA044009C152D /* HistoryTellerTests */ = {
			isa = PBXGroup;
			children = (
				1D8AD3AB1E4EA044009C152D /* HistoryTellerTests.swift */,
				1D8AD3AD1E4EA044009C152D /* Info.plist */,
			);
			path = HistoryTellerTests;
			sourceTree = "<group>";
		};
		1D8AD3B51E4EA044009C152D /* HistoryTellerUITests */ = {
			isa = PBXGroup;
			children = (
				1D8AD3B61E4EA044009C152D /* HistoryTellerUITests.swift */,
				1D8AD3B81E4EA044009C152D /* Info.plist */,
			);
			path = HistoryTellerUITests;
			sourceTree = "<group>";
		};
/* End PBXGroup section */

/* Begin PBXNativeTarget section */
		1D8AD3921E4EA044009C152D /* HistoryTeller */ = {
			isa = PBXNativeTarget;
			buildConfigurationList = 1D8AD3BB1E4EA044009C152D /* Build configuration list for PBXNativeTarget "HistoryTeller" */;
			buildPhases = (
				1D8AD38F1E4EA044009C152D /* Sources */,
				1D8AD3901E4EA044009C152D /* Frameworks */,
				1D8AD3911E4EA044009C152D /* Resources */,
			);
			buildRules = (
			);
			dependencies = (
			);
			name = HistoryTeller;
			productName = HistoryTeller;
			productReference = 1D8AD3931E4EA044009C152D /* HistoryTeller.app */;
			productType = "com.apple.product-type.application";
		};
		1D8AD3A61E4EA044009C152D /* HistoryTellerTests */ = {
			isa = PBXNativeTarget;
			buildConfigurationList = 1D8AD3BE1E4EA044009C152D /* Build configuration list for PBXNativeTarget "HistoryTellerTests" */;
			buildPhases = (
				1D8AD3A31E4EA044009C152D /* Sources */,
				1D8AD3A41E4EA044009C152D /* Frameworks */,
				1D8AD3A51E4EA044009C152D /* Resources */,
			);
			buildRules = (
			);
			dependencies = (
				1D8AD3A91E4EA044009C152D /* PBXTargetDependency */,
			);
			name = HistoryTellerTests;
			productName = HistoryTellerTests;
			productReference = 1D8AD3A71E4EA044009C152D /* HistoryTellerTests.xctest */;
			productType = "com.apple.product-type.bundle.unit-test";
		};
		1D8AD3B11E4EA044009C152D /* HistoryTellerUITests */ = {
			isa = PBXNativeTarget;
			buildConfigurationList = 1D8AD3C11E4EA044009C152D /* Build configuration list for PBXNativeTarget "HistoryTellerUITests" */;
			buildPhases = (
				1D8AD3AE1E4EA044009C152D /* Sources */,
				1D8AD3AF1E4EA044009C152D /* Frameworks */,
				1D8AD3B01E4EA044009C152D /* Resources */,
			);
			buildRules = (
			);
			dependencies = (
				1D8AD3B41E4EA044009C152D /* PBXTargetDependency */,
			);
			name = HistoryTellerUITests;
			productName = HistoryTellerUITests;
			productReference = 1D8AD3B21E4EA044009C152D /* HistoryTellerUITests.xctest */;
			productType = "com.apple.product-type.bundle.ui-testing";
		};
/* End PBXNativeTarget section */

/* Begin PBXProject section */
		1D8AD38B1E4EA044009C152D /* Project object */ = {
			isa = PBXProject;
			attributes = {
				LastSwiftUpdateCheck = 0730;
				LastUpgradeCheck = 0730;
				ORGANIZATIONNAME = DreamTeamCo;
				TargetAttributes = {
					1D8AD3921E4EA044009C152D = {
						CreatedOnToolsVersion = 7.3.1;
					};
					1D8AD3A61E4EA044009C152D = {
						CreatedOnToolsVersion = 7.3.1;
						TestTargetID = 1D8AD3921E4EA044009C152D;
					};
					1D8AD3B11E4EA044009C152D = {
						CreatedOnToolsVersion = 7.3.1;
						TestTargetID = 1D8AD3921E4EA044009C152D;
					};
				};
			};
			buildConfigurationList = 1D8AD38E1E4EA044009C152D /* Build configuration list for PBXProject "HistoryTeller" */;
			compatibilityVersion = "Xcode 3.2";
			developmentRegion = English;
			hasScannedForEncodings = 0;
			knownRegions = (
				en,
				Base,
			);
			mainGroup = 1D8AD38A1E4EA044009C152D;
			productRefGroup = 1D8AD3941E4EA044009C152D /* Products */;
			projectDirPath = "";
			projectRoot = "";
			targets = (
				1D8AD3921E4EA044009C152D /* HistoryTeller */,
				1D8AD3A61E4EA044009C152D /* HistoryTellerTests */,
				1D8AD3B11E4EA044009C152D /* HistoryTellerUITests */,
			);
		};
/* End PBXProject section */

/* Begin PBXResourcesBuildPhase section */
		1D8AD3911E4EA044009C152D /* Resources */ = {
			isa = PBXResourcesBuildPhase;
			buildActionMask = 2147483647;
			files = (
				1D5722891E51B300006904D1 /* narracion7.wav in Resources */,
				1D57229E1E51B370006904D1 /* cancionPapa2.mp3 in Resources */,
				1D8AD3A11E4EA044009C152D /* LaunchScreen.storyboard in Resources */,
				1D57227B1E51ADBA006904D1 /* si.mp3 in Resources */,
				1D5722961E51B322006904D1 /* narracion2.wav in Resources */,
				1D5722781E51ADBA006904D1 /* la.mp3 in Resources */,
				1D5722A71E51BC8F006904D1 /* pag1.wav in Resources */,
				1D5722911E51B312006904D1 /* cancionMama1.wav in Resources */,
				1D5722871E51B300006904D1 /* narracion4.wav in Resources */,
				1D5722AA1E51BC8F006904D1 /* pag5.mp3 in Resources */,
				1D57228C1E51B300006904D1 /* narracion10.wav in Resources */,
				1D5722941E51B312006904D1 /* cancionMama4.wav in Resources */,
				1D57228A1E51B300006904D1 /* narracion8.wav in Resources */,
				1D57227C1E51ADBA006904D1 /* sol.mp3 in Resources */,
				1D5722861E51B300006904D1 /* narracion3.wav in Resources */,
				1D5722AB1E51BC8F006904D1 /* pag8.wav in Resources */,
				1D5722A81E51BC8F006904D1 /* pag2.wav in Resources */,
				1D5722771E51ADBA006904D1 /* fa.mp3 in Resources */,
				1D8AD39E1E4EA044009C152D /* Assets.xcassets in Resources */,
				1D5722A91E51BC8F006904D1 /* pag4.mp3 in Resources */,
				1D5722A01E51B370006904D1 /* cancionPapa4.mp3 in Resources */,
				1D5722851E51B300006904D1 /* narracion1.wav in Resources */,
				1D8AD39C1E4EA044009C152D /* Main.storyboard in Resources */,
				1D57228B1E51B300006904D1 /* narracion9.wav in Resources */,
				1D5722981E51B32E006904D1 /* fondo.mp3 in Resources */,
				1D57229F1E51B370006904D1 /* cancionPapa3.mp3 in Resources */,
				1D57227A1E51ADBA006904D1 /* re.mp3 in Resources */,
				1D9EB9251E4FD7BE00BF9B63 /* PixelOperatorMono-Bold.ttf in Resources */,
				1D9EB9231E4FD49800BF9B63 /* ka1.ttf in Resources */,
				1D5722881E51B300006904D1 /* narracion6.wav in Resources */,
				1D5722921E51B312006904D1 /* cancionMama2.wav in Resources */,
				1D5722AE1E51BE66006904D1 /* fondo2.mp3 in Resources */,
				1D5722761E51ADBA006904D1 /* do.mp3 in Resources */,
				1D57229D1E51B370006904D1 /* cancionPapa1.mp3 in Resources */,
				1D5722AC1E51BC8F006904D1 /* pag9.wav in Resources */,
				1D5722931E51B312006904D1 /* cancionMama3.wav in Resources */,
				1D5722791E51ADBA006904D1 /* mi.mp3 in Resources */,
			);
			runOnlyForDeploymentPostprocessing = 0;
		};
		1D8AD3A51E4EA044009C152D /* Resources */ = {
			isa = PBXResourcesBuildPhase;
			buildActionMask = 2147483647;
			files = (
			);
			runOnlyForDeploymentPostprocessing = 0;
		};
		1D8AD3B01E4EA044009C152D /* Resources */ = {
			isa = PBXResourcesBuildPhase;
			buildActionMask = 2147483647;
			files = (
			);
			runOnlyForDeploymentPostprocessing = 0;
		};
/* End PBXResourcesBuildPhase section */

/* Begin PBXSourcesBuildPhase section */
		1D8AD38F1E4EA044009C152D /* Sources */ = {
			isa = PBXSourcesBuildPhase;
			buildActionMask = 2147483647;
			files = (
				1D8AD3991E4EA044009C152D /* ViewControllerChicos.swift in Sources */,
				1D8AD3971E4EA044009C152D /* AppDelegate.swift in Sources */,
			);
			runOnlyForDeploymentPostprocessing = 0;
		};
		1D8AD3A31E4EA044009C152D /* Sources */ = {
			isa = PBXSourcesBuildPhase;
			buildActionMask = 2147483647;
			files = (
				1D8AD3AC1E4EA044009C152D /* HistoryTellerTests.swift in Sources */,
			);
			runOnlyForDeploymentPostprocessing = 0;
		};
		1D8AD3AE1E4EA044009C152D /* Sources */ = {
			isa = PBXSourcesBuildPhase;
			buildActionMask = 2147483647;
			files = (
				1D8AD3B71E4EA044009C152D /* HistoryTellerUITests.swift in Sources */,
			);
			runOnlyForDeploymentPostprocessing = 0;
		};
/* End PBXSourcesBuildPhase section */

/* Begin PBXTargetDependency section */
		1D8AD3A91E4EA044009C152D /* PBXTargetDependency */ = {
			isa = PBXTargetDependency;
			target = 1D8AD3921E4EA044009C152D /* HistoryTeller */;
			targetProxy = 1D8AD3A81E4EA044009C152D /* PBXContainerItemProxy */;
		};
		1D8AD3B41E4EA044009C152D /* PBXTargetDependency */ = {
			isa = PBXTargetDependency;
			target = 1D8AD3921E4EA044009C152D /* HistoryTeller */;
			targetProxy = 1D8AD3B31E4EA044009C152D /* PBXContainerItemProxy */;
		};
/* End PBXTargetDependency section */

/* Begin PBXVariantGroup section */
		1D8AD39A1E4EA044009C152D /* Main.storyboard */ = {
			isa = PBXVariantGroup;
			children = (
				1D8AD39B1E4EA044009C152D /* Base */,
			);
			name = Main.storyboard;
			sourceTree = "<group>";
		};
		1D8AD39F1E4EA044009C152D /* LaunchScreen.storyboard */ = {
			isa = PBXVariantGroup;
			children = (
				1D8AD3A01E4EA044009C152D /* Base */,
			);
			name = LaunchScreen.storyboard;
			sourceTree = "<group>";
		};
/* End PBXVariantGroup section */

/* Begin XCBuildConfiguration section */
		1D8AD3B91E4EA044009C152D /* Debug */ = {
			isa = XCBuildConfiguration;
			buildSettings = {
				ALWAYS_SEARCH_USER_PATHS = NO;
				CLANG_ANALYZER_NONNULL = YES;
				CLANG_CXX_LANGUAGE_STANDARD = "gnu++0x";
				CLANG_CXX_LIBRARY = "libc++";
				CLANG_ENABLE_MODULES = YES;
				CLANG_ENABLE_OBJC_ARC = YES;
				CLANG_WARN_BOOL_CONVERSION = YES;
				CLANG_WARN_CONSTANT_CONVERSION = YES;
				CLANG_WARN_DIRECT_OBJC_ISA_USAGE = YES_ERROR;
				CLANG_WARN_EMPTY_BODY = YES;
				CLANG_WARN_ENUM_CONVERSION = YES;
				CLANG_WARN_INT_CONVERSION = YES;
				CLANG_WARN_OBJC_ROOT_CLASS = YES_ERROR;
				CLANG_WARN_UNREACHABLE_CODE = YES;
				CLANG_WARN__DUPLICATE_METHOD_MATCH = YES;
				"CODE_SIGN_IDENTITY[sdk=iphoneos*]" = "iPhone Developer";
				COPY_PHASE_STRIP = NO;
				DEBUG_INFORMATION_FORMAT = dwarf;
				ENABLE_STRICT_OBJC_MSGSEND = YES;
				ENABLE_TESTABILITY = YES;
				GCC_C_LANGUAGE_STANDARD = gnu99;
				GCC_DYNAMIC_NO_PIC = NO;
				GCC_NO_COMMON_BLOCKS = YES;
				GCC_OPTIMIZATION_LEVEL = 0;
				GCC_PREPROCESSOR_DEFINITIONS = (
					"DEBUG=1",
					"$(inherited)",
				);
				GCC_WARN_64_TO_32_BIT_CONVERSION = YES;
				GCC_WARN_ABOUT_RETURN_TYPE = YES_ERROR;
				GCC_WARN_UNDECLARED_SELECTOR = YES;
				GCC_WARN_UNINITIALIZED_AUTOS = YES_AGGRESSIVE;
				GCC_WARN_UNUSED_FUNCTION = YES;
				GCC_WARN_UNUSED_VARIABLE = YES;
				IPHONEOS_DEPLOYMENT_TARGET = 9.3;
				MTL_ENABLE_DEBUG_INFO = YES;
				ONLY_ACTIVE_ARCH = YES;
				SDKROOT = iphoneos;
				SWIFT_OPTIMIZATION_LEVEL = "-Onone";
				TARGETED_DEVICE_FAMILY = "1,2";
			};
			name = Debug;
		};
		1D8AD3BA1E4EA044009C152D /* Release */ = {
			isa = XCBuildConfiguration;
			buildSettings = {
				ALWAYS_SEARCH_USER_PATHS = NO;
				CLANG_ANALYZER_NONNULL = YES;
				CLANG_CXX_LANGUAGE_STANDARD = "gnu++0x";
				CLANG_CXX_LIBRARY = "libc++";
				CLANG_ENABLE_MODULES = YES;
				CLANG_ENABLE_OBJC_ARC = YES;
				CLANG_WARN_BOOL_CONVERSION = YES;
				CLANG_WARN_CONSTANT_CONVERSION = YES;
				CLANG_WARN_DIRECT_OBJC_ISA_USAGE = YES_ERROR;
				CLANG_WARN_EMPTY_BODY = YES;
				CLANG_WARN_ENUM_CONVERSION = YES;
				CLANG_WARN_INT_CONVERSION = YES;
				CLANG_WARN_OBJC_ROOT_CLASS = YES_ERROR;
				CLANG_WARN_UNREACHABLE_CODE = YES;
				CLANG_WARN__DUPLICATE_METHOD_MATCH = YES;
				"CODE_SIGN_IDENTITY[sdk=iphoneos*]" = "iPhone Developer";
				COPY_PHASE_STRIP = NO;
				DEBUG_INFORMATION_FORMAT = "dwarf-with-dsym";
				ENABLE_NS_ASSERTIONS = NO;
				ENABLE_STRICT_OBJC_MSGSEND = YES;
				GCC_C_LANGUAGE_STANDARD = gnu99;
				GCC_NO_COMMON_BLOCKS = YES;
				GCC_WARN_64_TO_32_BIT_CONVERSION = YES;
				GCC_WARN_ABOUT_RETURN_TYPE = YES_ERROR;
				GCC_WARN_UNDECLARED_SELECTOR = YES;
				GCC_WARN_UNINITIALIZED_AUTOS = YES_AGGRESSIVE;
				GCC_WARN_UNUSED_FUNCTION = YES;
				GCC_WARN_UNUSED_VARIABLE = YES;
				IPHONEOS_DEPLOYMENT_TARGET = 9.3;
				MTL_ENABLE_DEBUG_INFO = NO;
				SDKROOT = iphoneos;
				TARGETED_DEVICE_FAMILY = "1,2";
				VALIDATE_PRODUCT = YES;
			};
			name = Release;
		};
		1D8AD3BC1E4EA044009C152D /* Debug */ = {
			isa = XCBuildConfiguration;
			buildSettings = {
				ASSETCATALOG_COMPILER_APPICON_NAME = AppIcon;
				INFOPLIST_FILE = HistoryTeller/Info.plist;
				LD_RUNPATH_SEARCH_PATHS = "$(inherited) @executable_path/Frameworks";
				PRODUCT_BUNDLE_IDENTIFIER = com.DreamTeamCo.HistoryTeller;
				PRODUCT_NAME = "$(TARGET_NAME)";
			};
			name = Debug;
		};
		1D8AD3BD1E4EA044009C152D /* Release */ = {
			isa = XCBuildConfiguration;
			buildSettings = {
				ASSETCATALOG_COMPILER_APPICON_NAME = AppIcon;
				INFOPLIST_FILE = HistoryTeller/Info.plist;
				LD_RUNPATH_SEARCH_PATHS = "$(inherited) @executable_path/Frameworks";
				PRODUCT_BUNDLE_IDENTIFIER = com.DreamTeamCo.HistoryTeller;
				PRODUCT_NAME = "$(TARGET_NAME)";
			};
			name = Release;
		};
		1D8AD3BF1E4EA044009C152D /* Debug */ = {
			isa = XCBuildConfiguration;
			buildSettings = {
				BUNDLE_LOADER = "$(TEST_HOST)";
				INFOPLIST_FILE = HistoryTellerTests/Info.plist;
				LD_RUNPATH_SEARCH_PATHS = "$(inherited) @executable_path/Frameworks @loader_path/Frameworks";
				PRODUCT_BUNDLE_IDENTIFIER = com.DreamTeamCo.HistoryTellerTests;
				PRODUCT_NAME = "$(TARGET_NAME)";
				TEST_HOST = "$(BUILT_PRODUCTS_DIR)/HistoryTeller.app/HistoryTeller";
			};
			name = Debug;
		};
		1D8AD3C01E4EA044009C152D /* Release */ = {
			isa = XCBuildConfiguration;
			buildSettings = {
				BUNDLE_LOADER = "$(TEST_HOST)";
				INFOPLIST_FILE = HistoryTellerTests/Info.plist;
				LD_RUNPATH_SEARCH_PATHS = "$(inherited) @executable_path/Frameworks @loader_path/Frameworks";
				PRODUCT_BUNDLE_IDENTIFIER = com.DreamTeamCo.HistoryTellerTests;
				PRODUCT_NAME = "$(TARGET_NAME)";
				TEST_HOST = "$(BUILT_PRODUCTS_DIR)/HistoryTeller.app/HistoryTeller";
			};
			name = Release;
		};
		1D8AD3C21E4EA044009C152D /* Debug */ = {
			isa = XCBuildConfiguration;
			buildSettings = {
				INFOPLIST_FILE = HistoryTellerUITests/Info.plist;
				LD_RUNPATH_SEARCH_PATHS = "$(inherited) @executable_path/Frameworks @loader_path/Frameworks";
				PRODUCT_BUNDLE_IDENTIFIER = com.DreamTeamCo.HistoryTellerUITests;
				PRODUCT_NAME = "$(TARGET_NAME)";
				TEST_TARGET_NAME = HistoryTeller;
			};
			name = Debug;
		};
		1D8AD3C31E4EA044009C152D /* Release */ = {
			isa = XCBuildConfiguration;
			buildSettings = {
				INFOPLIST_FILE = HistoryTellerUITests/Info.plist;
				LD_RUNPATH_SEARCH_PATHS = "$(inherited) @executable_path/Frameworks @loader_path/Frameworks";
				PRODUCT_BUNDLE_IDENTIFIER = com.DreamTeamCo.HistoryTellerUITests;
				PRODUCT_NAME = "$(TARGET_NAME)";
				TEST_TARGET_NAME = HistoryTeller;
			};
			name = Release;
		};
/* End XCBuildConfiguration section */

/* Begin XCConfigurationList section */
		1D8AD38E1E4EA044009C152D /* Build configuration list for PBXProject "HistoryTeller" */ = {
			isa = XCConfigurationList;
			buildConfigurations = (
				1D8AD3B91E4EA044009C152D /* Debug */,
				1D8AD3BA1E4EA044009C152D /* Release */,
			);
			defaultConfigurationIsVisible = 0;
			defaultConfigurationName = Release;
		};
		1D8AD3BB1E4EA044009C152D /* Build configuration list for PBXNativeTarget "HistoryTeller" */ = {
			isa = XCConfigurationList;
			buildConfigurations = (
				1D8AD3BC1E4EA044009C152D /* Debug */,
				1D8AD3BD1E4EA044009C152D /* Release */,
			);
			defaultConfigurationIsVisible = 0;
			defaultConfigurationName = Release;
		};
		1D8AD3BE1E4EA044009C152D /* Build configuration list for PBXNativeTarget "HistoryTellerTests" */ = {
			isa = XCConfigurationList;
			buildConfigurations = (
				1D8AD3BF1E4EA044009C152D /* Debug */,
				1D8AD3C01E4EA044009C152D /* Release */,
			);
			defaultConfigurationIsVisible = 0;
			defaultConfigurationName = Release;
		};
		1D8AD3C11E4EA044009C152D /* Build configuration list for PBXNativeTarget "HistoryTellerUITests" */ = {
			isa = XCConfigurationList;
			buildConfigurations = (
				1D8AD3C21E4EA044009C152D /* Debug */,
				1D8AD3C31E4EA044009C152D /* Release */,
			);
			defaultConfigurationIsVisible = 0;
			defaultConfigurationName = Release;
		};
/* End XCConfigurationList section */
	};
	rootObject = 1D8AD38B1E4EA044009C152D /* Project object */;
}
